
Microsoft Visual Studio Solution File, Format Version 12.00
# Visual Studio Version 16
VisualStudioVersion = 16.0.30717.126
MinimumVisualStudioVersion = 10.0.40219.1
Project("{FAE04EC0-301F-11D3-BF4B-00C04F79EFBC}") = "NET_T09", "NET_T09.csproj", "{FFCCE639-B4FF-49F3-B31F-203805608F61}"
EndProject
Global
	GlobalSection(SolutionConfigurationPlatforms) = preSolution
		Debug|Any CPU = Debug|Any CPU
		Release|Any CPU = Release|Any CPU
	EndGlobalSection
	GlobalSection(ProjectConfigurationPlatforms) = postSolution
		{FFCCE639-B4FF-49F3-B31F-203805608F61}.Debug|Any CPU.ActiveCfg = Debug|Any CPU
		{FFCCE639-B4FF-49F3-B31F-203805608F61}.Debug|Any CPU.Build.0 = Debug|Any CPU
		{FFCCE639-B4FF-49F3-B31F-203805608F61}.Release|Any CPU.ActiveCfg = Release|Any CPU
		{FFCCE639-B4FF-49F3-B31F-203805608F61}.Release|Any CPU.Build.0 = Release|Any CPU
	EndGlobalSection
	GlobalSection(SolutionProperties) = preSolution
		HideSolutionNode = FALSE
	EndGlobalSection
	GlobalSection(ExtensibilityGlobals) = postSolution
		SolutionGuid = {77E1B770-69CC-45AF-BAB1-B4FC122188A4}
	EndGlobalSection
EndGlobal
